
Microsoft Visual Studio Solution File, Format Version 12.00
# Visual Studio 15
VisualStudioVersion = 15.0.27130.2036
MinimumVisualStudioVersion = 10.0.40219.1
Project("{FAE04EC0-301F-11D3-BF4B-00C04F79EFBC}") = "Stored Procedure Manager", "Stored Procedure Manager\Stored Procedure Manager.csproj", "{B9537756-3FD2-42FE-8667-AB8FA36E163E}"
EndProject
Project("{54435603-DBB4-11D2-8724-00A0C9A8B90C}") = "SPManagerSetup", "SPManagerSetup\SPManagerSetup.vdproj", "{A401BD5A-F85D-468D-B940-77C58A5F1448}"
EndProject
Global
	GlobalSection(SolutionConfigurationPlatforms) = preSolution
		All|Any CPU = All|Any CPU
		All|x64 = All|x64
		Debug|Any CPU = Debug|Any CPU
		Debug|x64 = Debug|x64
		Release|Any CPU = Release|Any CPU
		Release|x64 = Release|x64
	EndGlobalSection
	GlobalSection(ProjectConfigurationPlatforms) = postSolution
		{B9537756-3FD2-42FE-8667-AB8FA36E163E}.All|Any CPU.ActiveCfg = Release|Any CPU
		{B9537756-3FD2-42FE-8667-AB8FA36E163E}.All|Any CPU.Build.0 = Release|Any CPU
		{B9537756-3FD2-42FE-8667-AB8FA36E163E}.All|x64.ActiveCfg = Release|x64
		{B9537756-3FD2-42FE-8667-AB8FA36E163E}.All|x64.Build.0 = Release|x64
		{B9537756-3FD2-42FE-8667-AB8FA36E163E}.Debug|Any CPU.ActiveCfg = Debug|Any CPU
		{B9537756-3FD2-42FE-8667-AB8FA36E163E}.Debug|Any CPU.Build.0 = Debug|Any CPU
		{B9537756-3FD2-42FE-8667-AB8FA36E163E}.Debug|x64.ActiveCfg = Debug|Any CPU
		{B9537756-3FD2-42FE-8667-AB8FA36E163E}.Debug|x64.Build.0 = Debug|Any CPU
		{B9537756-3FD2-42FE-8667-AB8FA36E163E}.Release|Any CPU.ActiveCfg = Release|Any CPU
		{B9537756-3FD2-42FE-8667-AB8FA36E163E}.Release|Any CPU.Build.0 = Release|Any CPU
		{B9537756-3FD2-42FE-8667-AB8FA36E163E}.Release|x64.ActiveCfg = Release|x64
		{B9537756-3FD2-42FE-8667-AB8FA36E163E}.Release|x64.Build.0 = Release|x64
		{A401BD5A-F85D-468D-B940-77C58A5F1448}.All|Any CPU.ActiveCfg = Release
		{A401BD5A-F85D-468D-B940-77C58A5F1448}.All|Any CPU.Build.0 = Release
		{A401BD5A-F85D-468D-B940-77C58A5F1448}.All|x64.ActiveCfg = Debug
		{A401BD5A-F85D-468D-B940-77C58A5F1448}.All|x64.Build.0 = Debug
		{A401BD5A-F85D-468D-B940-77C58A5F1448}.Debug|Any CPU.ActiveCfg = Debug
		{A401BD5A-F85D-468D-B940-77C58A5F1448}.Debug|Any CPU.Build.0 = Debug
		{A401BD5A-F85D-468D-B940-77C58A5F1448}.Debug|x64.ActiveCfg = Debug
		{A401BD5A-F85D-468D-B940-77C58A5F1448}.Debug|x64.Build.0 = Debug
		{A401BD5A-F85D-468D-B940-77C58A5F1448}.Release|Any CPU.ActiveCfg = Release
		{A401BD5A-F85D-468D-B940-77C58A5F1448}.Release|Any CPU.Build.0 = Release
		{A401BD5A-F85D-468D-B940-77C58A5F1448}.Release|x64.ActiveCfg = Release
		{A401BD5A-F85D-468D-B940-77C58A5F1448}.Release|x64.Build.0 = Release
	EndGlobalSection
	GlobalSection(SolutionProperties) = preSolution
		HideSolutionNode = FALSE
	EndGlobalSection
	GlobalSection(ExtensibilityGlobals) = postSolution
		SolutionGuid = {49295F6A-ACB9-4710-99AE-4A9DA2D21CC7}
	EndGlobalSection
EndGlobal
