
Microsoft Visual Studio Solution File, Format Version 12.00
# Visual Studio 15
VisualStudioVersion = 15.0.27130.2036
MinimumVisualStudioVersion = 10.0.40219.1
Project("{FAE04EC0-301F-11D3-BF4B-00C04F79EFBC}") = "Stored Procedure Manager", "Stored Procedure Manager\Stored Procedure Manager.csproj", "{B9537756-3FD2-42FE-8667-AB8FA36E163E}"
EndProject
Project("{54435603-DBB4-11D2-8724-00A0C9A8B90C}") = "SPManagerSetup", "SPManagerSetup\SPManagerSetup.vdproj", "{2FB0FA82-1A28-4419-BFAB-E10DF81FAAC1}"
EndProject
Global
	GlobalSection(SolutionConfigurationPlatforms) = preSolution
		All|Any CPU = All|Any CPU
		Debug|Any CPU = Debug|Any CPU
		Release|Any CPU = Release|Any CPU
	EndGlobalSection
	GlobalSection(ProjectConfigurationPlatforms) = postSolution
		{B9537756-3FD2-42FE-8667-AB8FA36E163E}.All|Any CPU.ActiveCfg = Release|Any CPU
		{B9537756-3FD2-42FE-8667-AB8FA36E163E}.All|Any CPU.Build.0 = Release|Any CPU
		{B9537756-3FD2-42FE-8667-AB8FA36E163E}.Debug|Any CPU.ActiveCfg = Debug|Any CPU
		{B9537756-3FD2-42FE-8667-AB8FA36E163E}.Debug|Any CPU.Build.0 = Debug|Any CPU
		{B9537756-3FD2-42FE-8667-AB8FA36E163E}.Release|Any CPU.ActiveCfg = Release|Any CPU
		{B9537756-3FD2-42FE-8667-AB8FA36E163E}.Release|Any CPU.Build.0 = Release|Any CPU
		{2FB0FA82-1A28-4419-BFAB-E10DF81FAAC1}.All|Any CPU.ActiveCfg = Release
		{2FB0FA82-1A28-4419-BFAB-E10DF81FAAC1}.Debug|Any CPU.ActiveCfg = Debug
		{2FB0FA82-1A28-4419-BFAB-E10DF81FAAC1}.Release|Any CPU.ActiveCfg = Release
	EndGlobalSection
	GlobalSection(SolutionProperties) = preSolution
		HideSolutionNode = FALSE
	EndGlobalSection
	GlobalSection(ExtensibilityGlobals) = postSolution
		SolutionGuid = {49295F6A-ACB9-4710-99AE-4A9DA2D21CC7}
	EndGlobalSection
EndGlobal
